
Microsoft Visual Studio Solution File, Format Version 12.00
# Visual Studio Version 16
VisualStudioVersion = 16.0.29609.76
MinimumVisualStudioVersion = 10.0.40219.1
Project("{FAE04EC0-301F-11D3-BF4B-00C04F79EFBC}") = "MinecraftEd", "MinecraftEd\MinecraftEd.csproj", "{95DE9B73-82C5-4AD3-A667-B51BE51CECAD}"
EndProject
Project("{FAE04EC0-301F-11D3-BF4B-00C04F79EFBC}") = "Compiler", "Compiler\Compiler.csproj", "{AADF1BF8-538B-4484-BC71-C614E3C3A95A}"
EndProject
Global
	GlobalSection(SolutionConfigurationPlatforms) = preSolution
		Debug|Any CPU = Debug|Any CPU
		Release|Any CPU = Release|Any CPU
	EndGlobalSection
	GlobalSection(ProjectConfigurationPlatforms) = postSolution
		{95DE9B73-82C5-4AD3-A667-B51BE51CECAD}.Debug|Any CPU.ActiveCfg = Debug|Any CPU
		{95DE9B73-82C5-4AD3-A667-B51BE51CECAD}.Debug|Any CPU.Build.0 = Debug|Any CPU
		{95DE9B73-82C5-4AD3-A667-B51BE51CECAD}.Release|Any CPU.ActiveCfg = Release|Any CPU
		{95DE9B73-82C5-4AD3-A667-B51BE51CECAD}.Release|Any CPU.Build.0 = Release|Any CPU
		{AADF1BF8-538B-4484-BC71-C614E3C3A95A}.Debug|Any CPU.ActiveCfg = Debug|Any CPU
		{AADF1BF8-538B-4484-BC71-C614E3C3A95A}.Debug|Any CPU.Build.0 = Debug|Any CPU
		{AADF1BF8-538B-4484-BC71-C614E3C3A95A}.Release|Any CPU.ActiveCfg = Release|Any CPU
		{AADF1BF8-538B-4484-BC71-C614E3C3A95A}.Release|Any CPU.Build.0 = Release|Any CPU
	EndGlobalSection
	GlobalSection(SolutionProperties) = preSolution
		HideSolutionNode = FALSE
	EndGlobalSection
	GlobalSection(ExtensibilityGlobals) = postSolution
		SolutionGuid = {35FD8CEB-386D-4C80-A850-7CF5F533DDCA}
	EndGlobalSection
EndGlobal
