
Microsoft Visual Studio Solution File, Format Version 12.00
# Visual Studio Version 16
VisualStudioVersion = 16.0.29509.3
MinimumVisualStudioVersion = 10.0.40219.1
Project("{FAE04EC0-301F-11D3-BF4B-00C04F79EFBC}") = "MinecraftEd", "WindowsFormsApp1\MinecraftEd.csproj", "{C1DAEE5F-C983-4667-935B-9FC18784A0B9}"
EndProject
Global
	GlobalSection(SolutionConfigurationPlatforms) = preSolution
		Debug|Any CPU = Debug|Any CPU
		Release|Any CPU = Release|Any CPU
	EndGlobalSection
	GlobalSection(ProjectConfigurationPlatforms) = postSolution
		{C1DAEE5F-C983-4667-935B-9FC18784A0B9}.Debug|Any CPU.ActiveCfg = Debug|Any CPU
		{C1DAEE5F-C983-4667-935B-9FC18784A0B9}.Debug|Any CPU.Build.0 = Debug|Any CPU
		{C1DAEE5F-C983-4667-935B-9FC18784A0B9}.Release|Any CPU.ActiveCfg = Release|Any CPU
		{C1DAEE5F-C983-4667-935B-9FC18784A0B9}.Release|Any CPU.Build.0 = Release|Any CPU
	EndGlobalSection
	GlobalSection(SolutionProperties) = preSolution
		HideSolutionNode = FALSE
	EndGlobalSection
	GlobalSection(ExtensibilityGlobals) = postSolution
		SolutionGuid = {67179B4A-E7FA-41D5-A85A-22E36B939FEC}
	EndGlobalSection
EndGlobal
